
Microsoft Visual Studio Solution File, Format Version 12.00
# Visual Studio Version 17
VisualStudioVersion = 17.1.32210.238
MinimumVisualStudioVersion = 10.0.40219.1
Project("{9A19103F-16F7-4668-BE54-9A1E7A4F7556}") = "BuddyGo", "BuddyGo\BuddyGo.csproj", "{59D1C6FA-010C-42DD-A8F6-6B2652E02FF6}"
EndProject
Project("{9A19103F-16F7-4668-BE54-9A1E7A4F7556}") = "client-app", "client-app\client-app.csproj", "{118FB85D-C56C-47A4-A6C3-9B5E1874DD4D}"
EndProject
Global
	GlobalSection(SolutionConfigurationPlatforms) = preSolution
		Debug|Any CPU = Debug|Any CPU
		Release|Any CPU = Release|Any CPU
	EndGlobalSection
	GlobalSection(ProjectConfigurationPlatforms) = postSolution
		{59D1C6FA-010C-42DD-A8F6-6B2652E02FF6}.Debug|Any CPU.ActiveCfg = Debug|Any CPU
		{59D1C6FA-010C-42DD-A8F6-6B2652E02FF6}.Debug|Any CPU.Build.0 = Debug|Any CPU
		{59D1C6FA-010C-42DD-A8F6-6B2652E02FF6}.Release|Any CPU.ActiveCfg = Release|Any CPU
		{59D1C6FA-010C-42DD-A8F6-6B2652E02FF6}.Release|Any CPU.Build.0 = Release|Any CPU
		{118FB85D-C56C-47A4-A6C3-9B5E1874DD4D}.Debug|Any CPU.ActiveCfg = Debug|Any CPU
		{118FB85D-C56C-47A4-A6C3-9B5E1874DD4D}.Debug|Any CPU.Build.0 = Debug|Any CPU
		{118FB85D-C56C-47A4-A6C3-9B5E1874DD4D}.Release|Any CPU.ActiveCfg = Release|Any CPU
		{118FB85D-C56C-47A4-A6C3-9B5E1874DD4D}.Release|Any CPU.Build.0 = Release|Any CPU
	EndGlobalSection
	GlobalSection(SolutionProperties) = preSolution
		HideSolutionNode = FALSE
	EndGlobalSection
	GlobalSection(ExtensibilityGlobals) = postSolution
		SolutionGuid = {FAD64262-356A-4264-8F58-F1713D6EA5EB}
	EndGlobalSection
EndGlobal
